
Microsoft Visual Studio Solution File, Format Version 12.00
# Visual Studio Version 16
VisualStudioVersion = 16.0.32002.261
MinimumVisualStudioVersion = 10.0.40219.1
Project("{9A19103F-16F7-4668-BE54-9A1E7A4F7556}") = "StreamSpoatsPR.Server", "Server\StreamSpoatsPR.Server.csproj", "{65D0CCDB-89A6-4811-9729-12B8BE938B56}"
EndProject
Project("{9A19103F-16F7-4668-BE54-9A1E7A4F7556}") = "StreamSpoatsPR.Client", "Client\StreamSpoatsPR.Client.csproj", "{98804FAB-7D84-4D8B-9947-26BECE966C49}"
EndProject
Project("{9A19103F-16F7-4668-BE54-9A1E7A4F7556}") = "StreamSpoatsPR.Shared", "Shared\StreamSpoatsPR.Shared.csproj", "{22624997-E279-4D76-AE64-CF3997E119E5}"
EndProject
Global
	GlobalSection(SolutionConfigurationPlatforms) = preSolution
		Debug|Any CPU = Debug|Any CPU
		Release|Any CPU = Release|Any CPU
	EndGlobalSection
	GlobalSection(ProjectConfigurationPlatforms) = postSolution
		{65D0CCDB-89A6-4811-9729-12B8BE938B56}.Debug|Any CPU.ActiveCfg = Debug|Any CPU
		{65D0CCDB-89A6-4811-9729-12B8BE938B56}.Debug|Any CPU.Build.0 = Debug|Any CPU
		{65D0CCDB-89A6-4811-9729-12B8BE938B56}.Release|Any CPU.ActiveCfg = Release|Any CPU
		{65D0CCDB-89A6-4811-9729-12B8BE938B56}.Release|Any CPU.Build.0 = Release|Any CPU
		{98804FAB-7D84-4D8B-9947-26BECE966C49}.Debug|Any CPU.ActiveCfg = Debug|Any CPU
		{98804FAB-7D84-4D8B-9947-26BECE966C49}.Debug|Any CPU.Build.0 = Debug|Any CPU
		{98804FAB-7D84-4D8B-9947-26BECE966C49}.Release|Any CPU.ActiveCfg = Release|Any CPU
		{98804FAB-7D84-4D8B-9947-26BECE966C49}.Release|Any CPU.Build.0 = Release|Any CPU
		{22624997-E279-4D76-AE64-CF3997E119E5}.Debug|Any CPU.ActiveCfg = Debug|Any CPU
		{22624997-E279-4D76-AE64-CF3997E119E5}.Debug|Any CPU.Build.0 = Debug|Any CPU
		{22624997-E279-4D76-AE64-CF3997E119E5}.Release|Any CPU.ActiveCfg = Release|Any CPU
		{22624997-E279-4D76-AE64-CF3997E119E5}.Release|Any CPU.Build.0 = Release|Any CPU
	EndGlobalSection
	GlobalSection(SolutionProperties) = preSolution
		HideSolutionNode = FALSE
	EndGlobalSection
	GlobalSection(ExtensibilityGlobals) = postSolution
		SolutionGuid = {C69A99A3-A59F-4B96-8B12-601A183B0A1D}
	EndGlobalSection
EndGlobal
